// !$*UTF8*$!
{
	archiveVersion = 1;
	classes = {
	};
	objectVersion = 50;
	objects = {

/* Begin PBXBuildFile section */
		4B66998F2085ECE5004AAD6B /* AppDelegate.swift in Sources */ = {isa = PBXBuildFile; fileRef = 4B66998E2085ECE5004AAD6B /* AppDelegate.swift */; };
		4B6699912085ECE5004AAD6B /* art.scnassets in Resources */ = {isa = PBXBuildFile; fileRef = 4B6699902085ECE5004AAD6B /* art.scnassets */; };
		4B6699932085ECE5004AAD6B /* ViewController.swift in Sources */ = {isa = PBXBuildFile; fileRef = 4B6699922085ECE5004AAD6B /* ViewController.swift */; };
		4B6699962085ECE5004AAD6B /* Main.storyboard in Resources */ = {isa = PBXBuildFile; fileRef = 4B6699942085ECE5004AAD6B /* Main.storyboard */; };
		4B6699982085ECE6004AAD6B /* Assets.xcassets in Resources */ = {isa = PBXBuildFile; fileRef = 4B6699972085ECE6004AAD6B /* Assets.xcassets */; };
		4B66999B2085ECE6004AAD6B /* LaunchScreen.storyboard in Resources */ = {isa = PBXBuildFile; fileRef = 4B6699992085ECE6004AAD6B /* LaunchScreen.storyboard */; };
		4B6699A62085ECE6004AAD6B /* arTests.swift in Sources */ = {isa = PBXBuildFile; fileRef = 4B6699A52085ECE6004AAD6B /* arTests.swift */; };
		4B6699B12085ECE6004AAD6B /* arUITests.swift in Sources */ = {isa = PBXBuildFile; fileRef = 4B6699B02085ECE6004AAD6B /* arUITests.swift */; };
/* End PBXBuildFile section */

/* Begin PBXContainerItemProxy section */
		4B6699A22085ECE6004AAD6B /* PBXContainerItemProxy */ = {
			isa = PBXContainerItemProxy;
			containerPortal = 4B6699832085ECE5004AAD6B /* Project object */;
			proxyType = 1;
			remoteGlobalIDString = 4B66998A2085ECE5004AAD6B;
			remoteInfo = ar;
		};
		4B6699AD2085ECE6004AAD6B /* PBXContainerItemProxy */ = {
			isa = PBXContainerItemProxy;
			containerPortal = 4B6699832085ECE5004AAD6B /* Project object */;
			proxyType = 1;
			remoteGlobalIDString = 4B66998A2085ECE5004AAD6B;
			remoteInfo = ar;
		};
/* End PBXContainerItemProxy section */

/* Begin PBXFileReference section */
		4B66998B2085ECE5004AAD6B /* ar.app */ = {isa = PBXFileReference; explicitFileType = wrapper.application; includeInIndex = 0; path = ar.app; sourceTree = BUILT_PRODUCTS_DIR; };
		4B66998E2085ECE5004AAD6B /* AppDelegate.swift */ = {isa = PBXFileReference; lastKnownFileType = sourcecode.swift; path = AppDelegate.swift; sourceTree = "<group>"; };
		4B6699902085ECE5004AAD6B /* art.scnassets */ = {isa = PBXFileReference; lastKnownFileType = wrapper.scnassets; path = art.scnassets; sourceTree = "<group>"; };
		4B6699922085ECE5004AAD6B /* ViewController.swift */ = {isa = PBXFileReference; lastKnownFileType = sourcecode.swift; path = ViewController.swift; sourceTree = "<group>"; };
		4B6699952085ECE5004AAD6B /* Base */ = {isa = PBXFileReference; lastKnownFileType = file.storyboard; name = Base; path = Base.lproj/Main.storyboard; sourceTree = "<group>"; };
		4B6699972085ECE6004AAD6B /* Assets.xcassets */ = {isa = PBXFileReference; lastKnownFileType = folder.assetcatalog; path = Assets.xcassets; sourceTree = "<group>"; };
		4B66999A2085ECE6004AAD6B /* Base */ = {isa = PBXFileReference; lastKnownFileType = file.storyboard; name = Base; path = Base.lproj/LaunchScreen.storyboard; sourceTree = "<group>"; };
		4B66999C2085ECE6004AAD6B /* Info.plist */ = {isa = PBXFileReference; lastKnownFileType = text.plist.xml; path = Info.plist; sourceTree = "<group>"; };
		4B6699A12085ECE6004AAD6B /* arTests.xctest */ = {isa = PBXFileReference; explicitFileType = wrapper.cfbundle; includeInIndex = 0; path = arTests.xctest; sourceTree = BUILT_PRODUCTS_DIR; };
		4B6699A52085ECE6004AAD6B /* arTests.swift */ = {isa = PBXFileReference; lastKnownFileType = sourcecode.swift; path = arTests.swift; sourceTree = "<group>"; };
		4B6699A72085ECE6004AAD6B /* Info.plist */ = {isa = PBXFileReference; lastKnownFileType = text.plist.xml; path = Info.plist; sourceTree = "<group>"; };
		4B6699AC2085ECE6004AAD6B /* arUITests.xctest */ = {isa = PBXFileReference; explicitFileType = wrapper.cfbundle; includeInIndex = 0; path = arUITests.xctest; sourceTree = BUILT_PRODUCTS_DIR; };
		4B6699B02085ECE6004AAD6B /* arUITests.swift */ = {isa = PBXFileReference; lastKnownFileType = sourcecode.swift; path = arUITests.swift; sourceTree = "<group>"; };
		4B6699B22085ECE6004AAD6B /* Info.plist */ = {isa = PBXFileReference; lastKnownFileType = text.plist.xml; path = Info.plist; sourceTree = "<group>"; };
/* End PBXFileReference section */

/* Begin PBXFrameworksBuildPhase section */
		4B6699882085ECE5004AAD6B /* Frameworks */ = {
			isa = PBXFrameworksBuildPhase;
			buildActionMask = 2147483647;
			files = (
			);
			runOnlyForDeploymentPostprocessing = 0;
		};
		4B66999E2085ECE6004AAD6B /* Frameworks */ = {
			isa = PBXFrameworksBuildPhase;
			buildActionMask = 2147483647;
			files = (
			);
			runOnlyForDeploymentPostprocessing = 0;
		};
		4B6699A92085ECE6004AAD6B /* Frameworks */ = {
			isa = PBXFrameworksBuildPhase;
			buildActionMask = 2147483647;
			files = (
			);
			runOnlyForDeploymentPostprocessing = 0;
		};
/* End PBXFrameworksBuildPhase section */

/* Begin PBXGroup section */
		4B6699822085ECE5004AAD6B = {
			isa = PBXGroup;
			children = (
				4B66998D2085ECE5004AAD6B /* ar */,
				4B6699A42085ECE6004AAD6B /* arTests */,
				4B6699AF2085ECE6004AAD6B /* arUITests */,
				4B66998C2085ECE5004AAD6B /* Products */,
			);
			sourceTree = "<group>";
		};
		4B66998C2085ECE5004AAD6B /* Products */ = {
			isa = PBXGroup;
			children = (
				4B66998B2085ECE5004AAD6B /* ar.app */,
				4B6699A12085ECE6004AAD6B /* arTests.xctest */,
				4B6699AC2085ECE6004AAD6B /* arUITests.xctest */,
			);
			name = Products;
			sourceTree = "<group>";
		};
		4B66998D2085ECE5004AAD6B /* ar */ = {
			isa = PBXGroup;
			children = (
				4B66998E2085ECE5004AAD6B /* AppDelegate.swift */,
				4B6699902085ECE5004AAD6B /* art.scnassets */,
				4B6699922085ECE5004AAD6B /* ViewController.swift */,
				4B6699942085ECE5004AAD6B /* Main.storyboard */,
				4B6699972085ECE6004AAD6B /* Assets.xcassets */,
				4B6699992085ECE6004AAD6B /* LaunchScreen.storyboard */,
				4B66999C2085ECE6004AAD6B /* Info.plist */,
			);
			path = ar;
			sourceTree = "<group>";
		};
		4B6699A42085ECE6004AAD6B /* arTests */ = {
			isa = PBXGroup;
			children = (
				4B6699A52085ECE6004AAD6B /* arTests.swift */,
				4B6699A72085ECE6004AAD6B /* Info.plist */,
			);
			path = arTests;
			sourceTree = "<group>";
		};
		4B6699AF2085ECE6004AAD6B /* arUITests */ = {
			isa = PBXGroup;
			children = (
				4B6699B02085ECE6004AAD6B /* arUITests.swift */,
				4B6699B22085ECE6004AAD6B /* Info.plist */,
			);
			path = arUITests;
			sourceTree = "<group>";
		};
/* End PBXGroup section */

/* Begin PBXNativeTarget section */
		4B66998A2085ECE5004AAD6B /* ar */ = {
			isa = PBXNativeTarget;
			buildConfigurationList = 4B6699B52085ECE6004AAD6B /* Build configuration list for PBXNativeTarget "ar" */;
			buildPhases = (
				4B6699872085ECE5004AAD6B /* Sources */,
				4B6699882085ECE5004AAD6B /* Frameworks */,
				4B6699892085ECE5004AAD6B /* Resources */,
			);
			buildRules = (
			);
			dependencies = (
			);
			name = ar;
			productName = ar;
			productReference = 4B66998B2085ECE5004AAD6B /* ar.app */;
			productType = "com.apple.product-type.application";
		};
		4B6699A02085ECE6004AAD6B /* arTests */ = {
			isa = PBXNativeTarget;
			buildConfigurationList = 4B6699B82085ECE6004AAD6B /* Build configuration list for PBXNativeTarget "arTests" */;
			buildPhases = (
				4B66999D2085ECE6004AAD6B /* Sources */,
				4B66999E2085ECE6004AAD6B /* Frameworks */,
				4B66999F2085ECE6004AAD6B /* Resources */,
			);
			buildRules = (
			);
			dependencies = (
				4B6699A32085ECE6004AAD6B /* PBXTargetDependency */,
			);
			name = arTests;
			productName = arTests;
			productReference = 4B6699A12085ECE6004AAD6B /* arTests.xctest */;
			productType = "com.apple.product-type.bundle.unit-test";
		};
		4B6699AB2085ECE6004AAD6B /* arUITests */ = {
			isa = PBXNativeTarget;
			buildConfigurationList = 4B6699BB2085ECE6004AAD6B /* Build configuration list for PBXNativeTarget "arUITests" */;
			buildPhases = (
				4B6699A82085ECE6004AAD6B /* Sources */,
				4B6699A92085ECE6004AAD6B /* Frameworks */,
				4B6699AA2085ECE6004AAD6B /* Resources */,
			);
			buildRules = (
			);
			dependencies = (
				4B6699AE2085ECE6004AAD6B /* PBXTargetDependency */,
			);
			name = arUITests;
			productName = arUITests;
			productReference = 4B6699AC2085ECE6004AAD6B /* arUITests.xctest */;
			productType = "com.apple.product-type.bundle.ui-testing";
		};
/* End PBXNativeTarget section */

/* Begin PBXProject section */
		4B6699832085ECE5004AAD6B /* Project object */ = {
			isa = PBXProject;
			attributes = {
				LastSwiftUpdateCheck = 0930;
				LastUpgradeCheck = 0930;
				ORGANIZATIONNAME = gaulim;
				TargetAttributes = {
					4B66998A2085ECE5004AAD6B = {
						CreatedOnToolsVersion = 9.3;
					};
					4B6699A02085ECE6004AAD6B = {
						CreatedOnToolsVersion = 9.3;
						TestTargetID = 4B66998A2085ECE5004AAD6B;
					};
					4B6699AB2085ECE6004AAD6B = {
						CreatedOnToolsVersion = 9.3;
						TestTargetID = 4B66998A2085ECE5004AAD6B;
					};
				};
			};
			buildConfigurationList = 4B6699862085ECE5004AAD6B /* Build configuration list for PBXProject "ar" */;
			compatibilityVersion = "Xcode 9.3";
			developmentRegion = en;
			hasScannedForEncodings = 0;
			knownRegions = (
				en,
				Base,
			);
			mainGroup = 4B6699822085ECE5004AAD6B;
			productRefGroup = 4B66998C2085ECE5004AAD6B /* Products */;
			projectDirPath = "";
			projectRoot = "";
			targets = (
				4B66998A2085ECE5004AAD6B /* ar */,
				4B6699A02085ECE6004AAD6B /* arTests */,
				4B6699AB2085ECE6004AAD6B /* arUITests */,
			);
		};
/* End PBXProject section */

/* Begin PBXResourcesBuildPhase section */
		4B6699892085ECE5004AAD6B /* Resources */ = {
			isa = PBXResourcesBuildPhase;
			buildActionMask = 2147483647;
			files = (
				4B6699912085ECE5004AAD6B /* art.scnassets in Resources */,
				4B66999B2085ECE6004AAD6B /* LaunchScreen.storyboard in Resources */,
				4B6699982085ECE6004AAD6B /* Assets.xcassets in Resources */,
				4B6699962085ECE5004AAD6B /* Main.storyboard in Resources */,
			);
			runOnlyForDeploymentPostprocessing = 0;
		};
		4B66999F2085ECE6004AAD6B /* Resources */ = {
			isa = PBXResourcesBuildPhase;
			buildActionMask = 2147483647;
			files = (
			);
			runOnlyForDeploymentPostprocessing = 0;
		};
		4B6699AA2085ECE6004AAD6B /* Resources */ = {
			isa = PBXResourcesBuildPhase;
			buildActionMask = 2147483647;
			files = (
			);
			runOnlyForDeploymentPostprocessing = 0;
		};
/* End PBXResourcesBuildPhase section */

/* Begin PBXSourcesBuildPhase section */
		4B6699872085ECE5004AAD6B /* Sources */ = {
			isa = PBXSourcesBuildPhase;
			buildActionMask = 2147483647;
			files = (
				4B6699932085ECE5004AAD6B /* ViewController.swift in Sources */,
				4B66998F2085ECE5004AAD6B /* AppDelegate.swift in Sources */,
			);
			runOnlyForDeploymentPostprocessing = 0;
		};
		4B66999D2085ECE6004AAD6B /* Sources */ = {
			isa = PBXSourcesBuildPhase;
			buildActionMask = 2147483647;
			files = (
				4B6699A62085ECE6004AAD6B /* arTests.swift in Sources */,
			);
			runOnlyForDeploymentPostprocessing = 0;
		};
		4B6699A82085ECE6004AAD6B /* Sources */ = {
			isa = PBXSourcesBuildPhase;
			buildActionMask = 2147483647;
			files = (
				4B6699B12085ECE6004AAD6B /* arUITests.swift in Sources */,
			);
			runOnlyForDeploymentPostprocessing = 0;
		};
/* End PBXSourcesBuildPhase section */

/* Begin PBXTargetDependency section */
		4B6699A32085ECE6004AAD6B /* PBXTargetDependency */ = {
			isa = PBXTargetDependency;
			target = 4B66998A2085ECE5004AAD6B /* ar */;
			targetProxy = 4B6699A22085ECE6004AAD6B /* PBXContainerItemProxy */;
		};
		4B6699AE2085ECE6004AAD6B /* PBXTargetDependency */ = {
			isa = PBXTargetDependency;
			target = 4B66998A2085ECE5004AAD6B /* ar */;
			targetProxy = 4B6699AD2085ECE6004AAD6B /* PBXContainerItemProxy */;
		};
/* End PBXTargetDependency section */

/* Begin PBXVariantGroup section */
		4B6699942085ECE5004AAD6B /* Main.storyboard */ = {
			isa = PBXVariantGroup;
			children = (
				4B6699952085ECE5004AAD6B /* Base */,
			);
			name = Main.storyboard;
			sourceTree = "<group>";
		};
		4B6699992085ECE6004AAD6B /* LaunchScreen.storyboard */ = {
			isa = PBXVariantGroup;
			children = (
				4B66999A2085ECE6004AAD6B /* Base */,
			);
			name = LaunchScreen.storyboard;
			sourceTree = "<group>";
		};
/* End PBXVariantGroup section */

/* Begin XCBuildConfiguration section */
		4B6699B32085ECE6004AAD6B /* Debug */ = {
			isa = XCBuildConfiguration;
			buildSettings = {
				ALWAYS_SEARCH_USER_PATHS = NO;
				CLANG_ANALYZER_NONNULL = YES;
				CLANG_ANALYZER_NUMBER_OBJECT_CONVERSION = YES_AGGRESSIVE;
				CLANG_CXX_LANGUAGE_STANDARD = "gnu++14";
				CLANG_CXX_LIBRARY = "libc++";
				CLANG_ENABLE_MODULES = YES;
				CLANG_ENABLE_OBJC_ARC = YES;
				CLANG_ENABLE_OBJC_WEAK = YES;
				CLANG_WARN_BLOCK_CAPTURE_AUTORELEASING = YES;
				CLANG_WARN_BOOL_CONVERSION = YES;
				CLANG_WARN_COMMA = YES;
				CLANG_WARN_CONSTANT_CONVERSION = YES;
				CLANG_WARN_DEPRECATED_OBJC_IMPLEMENTATIONS = YES;
				CLANG_WARN_DIRECT_OBJC_ISA_USAGE = YES_ERROR;
				CLANG_WARN_DOCUMENTATION_COMMENTS = YES;
				CLANG_WARN_EMPTY_BODY = YES;
				CLANG_WARN_ENUM_CONVERSION = YES;
				CLANG_WARN_INFINITE_RECURSION = YES;
				CLANG_WARN_INT_CONVERSION = YES;
				CLANG_WARN_NON_LITERAL_NULL_CONVERSION = YES;
				CLANG_WARN_OBJC_IMPLICIT_RETAIN_SELF = YES;
				CLANG_WARN_OBJC_LITERAL_CONVERSION = YES;
				CLANG_WARN_OBJC_ROOT_CLASS = YES_ERROR;
				CLANG_WARN_RANGE_LOOP_ANALYSIS = YES;
				CLANG_WARN_STRICT_PROTOTYPES = YES;
				CLANG_WARN_SUSPICIOUS_MOVE = YES;
				CLANG_WARN_UNGUARDED_AVAILABILITY = YES_AGGRESSIVE;
				CLANG_WARN_UNREACHABLE_CODE = YES;
				CLANG_WARN__DUPLICATE_METHOD_MATCH = YES;
				CODE_SIGN_IDENTITY = "iPhone Developer";
				COPY_PHASE_STRIP = NO;
				DEBUG_INFORMATION_FORMAT = dwarf;
				ENABLE_STRICT_OBJC_MSGSEND = YES;
				ENABLE_TESTABILITY = YES;
				GCC_C_LANGUAGE_STANDARD = gnu11;
				GCC_DYNAMIC_NO_PIC = NO;
				GCC_NO_COMMON_BLOCKS = YES;
				GCC_OPTIMIZATION_LEVEL = 0;
				GCC_PREPROCESSOR_DEFINITIONS = (
					"DEBUG=1",
					"$(inherited)",
				);
				GCC_WARN_64_TO_32_BIT_CONVERSION = YES;
				GCC_WARN_ABOUT_RETURN_TYPE = YES_ERROR;
				GCC_WARN_UNDECLARED_SELECTOR = YES;
				GCC_WARN_UNINITIALIZED_AUTOS = YES_AGGRESSIVE;
				GCC_WARN_UNUSED_FUNCTION = YES;
				GCC_WARN_UNUSED_VARIABLE = YES;
				IPHONEOS_DEPLOYMENT_TARGET = 11.3;
				MTL_ENABLE_DEBUG_INFO = YES;
				ONLY_ACTIVE_ARCH = YES;
				SDKROOT = iphoneos;
				SWIFT_ACTIVE_COMPILATION_CONDITIONS = DEBUG;
				SWIFT_OPTIMIZATION_LEVEL = "-Onone";
			};
			name = Debug;
		};
		4B6699B42085ECE6004AAD6B /* Release */ = {
			isa = XCBuildConfiguration;
			buildSettings = {
				ALWAYS_SEARCH_USER_PATHS = NO;
				CLANG_ANALYZER_NONNULL = YES;
				CLANG_ANALYZER_NUMBER_OBJECT_CONVERSION = YES_AGGRESSIVE;
				CLANG_CXX_LANGUAGE_STANDARD = "gnu++14";
				CLANG_CXX_LIBRARY = "libc++";
				CLANG_ENABLE_MODULES = YES;
				CLANG_ENABLE_OBJC_ARC = YES;
				CLANG_ENABLE_OBJC_WEAK = YES;
				CLANG_WARN_BLOCK_CAPTURE_AUTORELEASING = YES;
				CLANG_WARN_BOOL_CONVERSION = YES;
				CLANG_WARN_COMMA = YES;
				CLANG_WARN_CONSTANT_CONVERSION = YES;
				CLANG_WARN_DEPRECATED_OBJC_IMPLEMENTATIONS = YES;
				CLANG_WARN_DIRECT_OBJC_ISA_USAGE = YES_ERROR;
				CLANG_WARN_DOCUMENTATION_COMMENTS = YES;
				CLANG_WARN_EMPTY_BODY = YES;
				CLANG_WARN_ENUM_CONVERSION = YES;
				CLANG_WARN_INFINITE_RECURSION = YES;
				CLANG_WARN_INT_CONVERSION = YES;
				CLANG_WARN_NON_LITERAL_NULL_CONVERSION = YES;
				CLANG_WARN_OBJC_IMPLICIT_RETAIN_SELF = YES;
				CLANG_WARN_OBJC_LITERAL_CONVERSION = YES;
				CLANG_WARN_OBJC_ROOT_CLASS = YES_ERROR;
				CLANG_WARN_RANGE_LOOP_ANALYSIS = YES;
				CLANG_WARN_STRICT_PROTOTYPES = YES;
				CLANG_WARN_SUSPICIOUS_MOVE = YES;
				CLANG_WARN_UNGUARDED_AVAILABILITY = YES_AGGRESSIVE;
				CLANG_WARN_UNREACHABLE_CODE = YES;
				CLANG_WARN__DUPLICATE_METHOD_MATCH = YES;
				CODE_SIGN_IDENTITY = "iPhone Developer";
				COPY_PHASE_STRIP = NO;
				DEBUG_INFORMATION_FORMAT = "dwarf-with-dsym";
				ENABLE_NS_ASSERTIONS = NO;
				ENABLE_STRICT_OBJC_MSGSEND = YES;
				GCC_C_LANGUAGE_STANDARD = gnu11;
				GCC_NO_COMMON_BLOCKS = YES;
				GCC_WARN_64_TO_32_BIT_CONVERSION = YES;
				GCC_WARN_ABOUT_RETURN_TYPE = YES_ERROR;
				GCC_WARN_UNDECLARED_SELECTOR = YES;
				GCC_WARN_UNINITIALIZED_AUTOS = YES_AGGRESSIVE;
				GCC_WARN_UNUSED_FUNCTION = YES;
				GCC_WARN_UNUSED_VARIABLE = YES;
				IPHONEOS_DEPLOYMENT_TARGET = 11.3;
				MTL_ENABLE_DEBUG_INFO = NO;
				SDKROOT = iphoneos;
				SWIFT_COMPILATION_MODE = wholemodule;
				SWIFT_OPTIMIZATION_LEVEL = "-O";
				VALIDATE_PRODUCT = YES;
			};
			name = Release;
		};
		4B6699B62085ECE6004AAD6B /* Debug */ = {
			isa = XCBuildConfiguration;
			buildSettings = {
				ASSETCATALOG_COMPILER_APPICON_NAME = AppIcon;
				CODE_SIGN_STYLE = Automatic;
				DEVELOPMENT_TEAM = 6TN9EP52DK;
				INFOPLIST_FILE = ar/Info.plist;
				LD_RUNPATH_SEARCH_PATHS = (
					"$(inherited)",
					"@executable_path/Frameworks",
				);
				PRODUCT_BUNDLE_IDENTIFIER = kr.gaulim.sample.ar;
				PRODUCT_NAME = "$(TARGET_NAME)";
				SWIFT_VERSION = 4.0;
				TARGETED_DEVICE_FAMILY = "1,2";
			};
			name = Debug;
		};
		4B6699B72085ECE6004AAD6B /* Release */ = {
			isa = XCBuildConfiguration;
			buildSettings = {
				ASSETCATALOG_COMPILER_APPICON_NAME = AppIcon;
				CODE_SIGN_STYLE = Automatic;
				DEVELOPMENT_TEAM = 6TN9EP52DK;
				INFOPLIST_FILE = ar/Info.plist;
				LD_RUNPATH_SEARCH_PATHS = (
					"$(inherited)",
					"@executable_path/Frameworks",
				);
				PRODUCT_BUNDLE_IDENTIFIER = kr.gaulim.sample.ar;
				PRODUCT_NAME = "$(TARGET_NAME)";
				SWIFT_VERSION = 4.0;
				TARGETED_DEVICE_FAMILY = "1,2";
			};
			name = Release;
		};
		4B6699B92085ECE6004AAD6B /* Debug */ = {
			isa = XCBuildConfiguration;
			buildSettings = {
				ALWAYS_EMBED_SWIFT_STANDARD_LIBRARIES = YES;
				BUNDLE_LOADER = "$(TEST_HOST)";
				CODE_SIGN_STYLE = Automatic;
				DEVELOPMENT_TEAM = 6TN9EP52DK;
				INFOPLIST_FILE = arTests/Info.plist;
				LD_RUNPATH_SEARCH_PATHS = (
					"$(inherited)",
					"@executable_path/Frameworks",
					"@loader_path/Frameworks",
				);
				PRODUCT_BUNDLE_IDENTIFIER = kr.gaulim.sample.arTests;
				PRODUCT_NAME = "$(TARGET_NAME)";
				SWIFT_VERSION = 4.0;
				TARGETED_DEVICE_FAMILY = "1,2";
				TEST_HOST = "$(BUILT_PRODUCTS_DIR)/ar.app/ar";
			};
			name = Debug;
		};
		4B6699BA2085ECE6004AAD6B /* Release */ = {
			isa = XCBuildConfiguration;
			buildSettings = {
				ALWAYS_EMBED_SWIFT_STANDARD_LIBRARIES = YES;
				BUNDLE_LOADER = "$(TEST_HOST)";
				CODE_SIGN_STYLE = Automatic;
				DEVELOPMENT_TEAM = 6TN9EP52DK;
				INFOPLIST_FILE = arTests/Info.plist;
				LD_RUNPATH_SEARCH_PATHS = (
					"$(inherited)",
					"@executable_path/Frameworks",
					"@loader_path/Frameworks",
				);
				PRODUCT_BUNDLE_IDENTIFIER = kr.gaulim.sample.arTests;
				PRODUCT_NAME = "$(TARGET_NAME)";
				SWIFT_VERSION = 4.0;
				TARGETED_DEVICE_FAMILY = "1,2";
				TEST_HOST = "$(BUILT_PRODUCTS_DIR)/ar.app/ar";
			};
			name = Release;
		};
		4B6699BC2085ECE6004AAD6B /* Debug */ = {
			isa = XCBuildConfiguration;
			buildSettings = {
				ALWAYS_EMBED_SWIFT_STANDARD_LIBRARIES = YES;
				CODE_SIGN_STYLE = Automatic;
				DEVELOPMENT_TEAM = 6TN9EP52DK;
				INFOPLIST_FILE = arUITests/Info.plist;
				LD_RUNPATH_SEARCH_PATHS = (
					"$(inherited)",
					"@executable_path/Frameworks",
					"@loader_path/Frameworks",
				);
				PRODUCT_BUNDLE_IDENTIFIER = kr.gaulim.sample.arUITests;
				PRODUCT_NAME = "$(TARGET_NAME)";
				SWIFT_VERSION = 4.0;
				TARGETED_DEVICE_FAMILY = "1,2";
				TEST_TARGET_NAME = ar;
			};
			name = Debug;
		};
		4B6699BD2085ECE6004AAD6B /* Release */ = {
			isa = XCBuildConfiguration;
			buildSettings = {
				ALWAYS_EMBED_SWIFT_STANDARD_LIBRARIES = YES;
				CODE_SIGN_STYLE = Automatic;
				DEVELOPMENT_TEAM = 6TN9EP52DK;
				INFOPLIST_FILE = arUITests/Info.plist;
				LD_RUNPATH_SEARCH_PATHS = (
					"$(inherited)",
					"@executable_path/Frameworks",
					"@loader_path/Frameworks",
				);
				PRODUCT_BUNDLE_IDENTIFIER = kr.gaulim.sample.arUITests;
				PRODUCT_NAME = "$(TARGET_NAME)";
				SWIFT_VERSION = 4.0;
				TARGETED_DEVICE_FAMILY = "1,2";
				TEST_TARGET_NAME = ar;
			};
			name = Release;
		};
/* End XCBuildConfiguration section */

/* Begin XCConfigurationList section */
		4B6699862085ECE5004AAD6B /* Build configuration list for PBXProject "ar" */ = {
			isa = XCConfigurationList;
			buildConfigurations = (
				4B6699B32085ECE6004AAD6B /* Debug */,
				4B6699B42085ECE6004AAD6B /* Release */,
			);
			defaultConfigurationIsVisible = 0;
			defaultConfigurationName = Release;
		};
		4B6699B52085ECE6004AAD6B /* Build configuration list for PBXNativeTarget "ar" */ = {
			isa = XCConfigurationList;
			buildConfigurations = (
				4B6699B62085ECE6004AAD6B /* Debug */,
				4B6699B72085ECE6004AAD6B /* Release */,
			);
			defaultConfigurationIsVisible = 0;
			defaultConfigurationName = Release;
		};
		4B6699B82085ECE6004AAD6B /* Build configuration list for PBXNativeTarget "arTests" */ = {
			isa = XCConfigurationList;
			buildConfigurations = (
				4B6699B92085ECE6004AAD6B /* Debug */,
				4B6699BA2085ECE6004AAD6B /* Release */,
			);
			defaultConfigurationIsVisible = 0;
			defaultConfigurationName = Release;
		};
		4B6699BB2085ECE6004AAD6B /* Build configuration list for PBXNativeTarget "arUITests" */ = {
			isa = XCConfigurationList;
			buildConfigurations = (
				4B6699BC2085ECE6004AAD6B /* Debug */,
				4B6699BD2085ECE6004AAD6B /* Release */,
			);
			defaultConfigurationIsVisible = 0;
			defaultConfigurationName = Release;
		};
/* End XCConfigurationList section */
	};
	rootObject = 4B6699832085ECE5004AAD6B /* Project object */;
}
