// !$*UTF8*$!
{
	archiveVersion = 1;
	classes = {
	};
	objectVersion = 50;
	objects = {

/* Begin PBXBuildFile section */
		4B6699552085EC56004AAD6B /* AppDelegate.swift in Sources */ = {isa = PBXBuildFile; fileRef = 4B6699542085EC56004AAD6B /* AppDelegate.swift */; };
		4B6699572085EC56004AAD6B /* ViewController.swift in Sources */ = {isa = PBXBuildFile; fileRef = 4B6699562085EC56004AAD6B /* ViewController.swift */; };
		4B66995A2085EC56004AAD6B /* Main.storyboard in Resources */ = {isa = PBXBuildFile; fileRef = 4B6699582085EC56004AAD6B /* Main.storyboard */; };
		4B66995C2085EC58004AAD6B /* Assets.xcassets in Resources */ = {isa = PBXBuildFile; fileRef = 4B66995B2085EC58004AAD6B /* Assets.xcassets */; };
		4B66995F2085EC58004AAD6B /* LaunchScreen.storyboard in Resources */ = {isa = PBXBuildFile; fileRef = 4B66995D2085EC58004AAD6B /* LaunchScreen.storyboard */; };
		4B66996A2085EC58004AAD6B /* viewTests.swift in Sources */ = {isa = PBXBuildFile; fileRef = 4B6699692085EC58004AAD6B /* viewTests.swift */; };
		4B6699752085EC58004AAD6B /* viewUITests.swift in Sources */ = {isa = PBXBuildFile; fileRef = 4B6699742085EC58004AAD6B /* viewUITests.swift */; };
/* End PBXBuildFile section */

/* Begin PBXContainerItemProxy section */
		4B6699662085EC58004AAD6B /* PBXContainerItemProxy */ = {
			isa = PBXContainerItemProxy;
			containerPortal = 4B6699492085EC56004AAD6B /* Project object */;
			proxyType = 1;
			remoteGlobalIDString = 4B6699502085EC56004AAD6B;
			remoteInfo = view;
		};
		4B6699712085EC58004AAD6B /* PBXContainerItemProxy */ = {
			isa = PBXContainerItemProxy;
			containerPortal = 4B6699492085EC56004AAD6B /* Project object */;
			proxyType = 1;
			remoteGlobalIDString = 4B6699502085EC56004AAD6B;
			remoteInfo = view;
		};
/* End PBXContainerItemProxy section */

/* Begin PBXFileReference section */
		4B6699512085EC56004AAD6B /* view.app */ = {isa = PBXFileReference; explicitFileType = wrapper.application; includeInIndex = 0; path = view.app; sourceTree = BUILT_PRODUCTS_DIR; };
		4B6699542085EC56004AAD6B /* AppDelegate.swift */ = {isa = PBXFileReference; lastKnownFileType = sourcecode.swift; path = AppDelegate.swift; sourceTree = "<group>"; };
		4B6699562085EC56004AAD6B /* ViewController.swift */ = {isa = PBXFileReference; lastKnownFileType = sourcecode.swift; path = ViewController.swift; sourceTree = "<group>"; };
		4B6699592085EC56004AAD6B /* Base */ = {isa = PBXFileReference; lastKnownFileType = file.storyboard; name = Base; path = Base.lproj/Main.storyboard; sourceTree = "<group>"; };
		4B66995B2085EC58004AAD6B /* Assets.xcassets */ = {isa = PBXFileReference; lastKnownFileType = folder.assetcatalog; path = Assets.xcassets; sourceTree = "<group>"; };
		4B66995E2085EC58004AAD6B /* Base */ = {isa = PBXFileReference; lastKnownFileType = file.storyboard; name = Base; path = Base.lproj/LaunchScreen.storyboard; sourceTree = "<group>"; };
		4B6699602085EC58004AAD6B /* Info.plist */ = {isa = PBXFileReference; lastKnownFileType = text.plist.xml; path = Info.plist; sourceTree = "<group>"; };
		4B6699652085EC58004AAD6B /* viewTests.xctest */ = {isa = PBXFileReference; explicitFileType = wrapper.cfbundle; includeInIndex = 0; path = viewTests.xctest; sourceTree = BUILT_PRODUCTS_DIR; };
		4B6699692085EC58004AAD6B /* viewTests.swift */ = {isa = PBXFileReference; lastKnownFileType = sourcecode.swift; path = viewTests.swift; sourceTree = "<group>"; };
		4B66996B2085EC58004AAD6B /* Info.plist */ = {isa = PBXFileReference; lastKnownFileType = text.plist.xml; path = Info.plist; sourceTree = "<group>"; };
		4B6699702085EC58004AAD6B /* viewUITests.xctest */ = {isa = PBXFileReference; explicitFileType = wrapper.cfbundle; includeInIndex = 0; path = viewUITests.xctest; sourceTree = BUILT_PRODUCTS_DIR; };
		4B6699742085EC58004AAD6B /* viewUITests.swift */ = {isa = PBXFileReference; lastKnownFileType = sourcecode.swift; path = viewUITests.swift; sourceTree = "<group>"; };
		4B6699762085EC58004AAD6B /* Info.plist */ = {isa = PBXFileReference; lastKnownFileType = text.plist.xml; path = Info.plist; sourceTree = "<group>"; };
/* End PBXFileReference section */

/* Begin PBXFrameworksBuildPhase section */
		4B66994E2085EC56004AAD6B /* Frameworks */ = {
			isa = PBXFrameworksBuildPhase;
			buildActionMask = 2147483647;
			files = (
			);
			runOnlyForDeploymentPostprocessing = 0;
		};
		4B6699622085EC58004AAD6B /* Frameworks */ = {
			isa = PBXFrameworksBuildPhase;
			buildActionMask = 2147483647;
			files = (
			);
			runOnlyForDeploymentPostprocessing = 0;
		};
		4B66996D2085EC58004AAD6B /* Frameworks */ = {
			isa = PBXFrameworksBuildPhase;
			buildActionMask = 2147483647;
			files = (
			);
			runOnlyForDeploymentPostprocessing = 0;
		};
/* End PBXFrameworksBuildPhase section */

/* Begin PBXGroup section */
		4B6699482085EC56004AAD6B = {
			isa = PBXGroup;
			children = (
				4B6699532085EC56004AAD6B /* view */,
				4B6699682085EC58004AAD6B /* viewTests */,
				4B6699732085EC58004AAD6B /* viewUITests */,
				4B6699522085EC56004AAD6B /* Products */,
			);
			sourceTree = "<group>";
		};
		4B6699522085EC56004AAD6B /* Products */ = {
			isa = PBXGroup;
			children = (
				4B6699512085EC56004AAD6B /* view.app */,
				4B6699652085EC58004AAD6B /* viewTests.xctest */,
				4B6699702085EC58004AAD6B /* viewUITests.xctest */,
			);
			name = Products;
			sourceTree = "<group>";
		};
		4B6699532085EC56004AAD6B /* view */ = {
			isa = PBXGroup;
			children = (
				4B6699542085EC56004AAD6B /* AppDelegate.swift */,
				4B6699562085EC56004AAD6B /* ViewController.swift */,
				4B6699582085EC56004AAD6B /* Main.storyboard */,
				4B66995B2085EC58004AAD6B /* Assets.xcassets */,
				4B66995D2085EC58004AAD6B /* LaunchScreen.storyboard */,
				4B6699602085EC58004AAD6B /* Info.plist */,
			);
			path = view;
			sourceTree = "<group>";
		};
		4B6699682085EC58004AAD6B /* viewTests */ = {
			isa = PBXGroup;
			children = (
				4B6699692085EC58004AAD6B /* viewTests.swift */,
				4B66996B2085EC58004AAD6B /* Info.plist */,
			);
			path = viewTests;
			sourceTree = "<group>";
		};
		4B6699732085EC58004AAD6B /* viewUITests */ = {
			isa = PBXGroup;
			children = (
				4B6699742085EC58004AAD6B /* viewUITests.swift */,
				4B6699762085EC58004AAD6B /* Info.plist */,
			);
			path = viewUITests;
			sourceTree = "<group>";
		};
/* End PBXGroup section */

/* Begin PBXNativeTarget section */
		4B6699502085EC56004AAD6B /* view */ = {
			isa = PBXNativeTarget;
			buildConfigurationList = 4B6699792085EC58004AAD6B /* Build configuration list for PBXNativeTarget "view" */;
			buildPhases = (
				4B66994D2085EC56004AAD6B /* Sources */,
				4B66994E2085EC56004AAD6B /* Frameworks */,
				4B66994F2085EC56004AAD6B /* Resources */,
			);
			buildRules = (
			);
			dependencies = (
			);
			name = view;
			productName = view;
			productReference = 4B6699512085EC56004AAD6B /* view.app */;
			productType = "com.apple.product-type.application";
		};
		4B6699642085EC58004AAD6B /* viewTests */ = {
			isa = PBXNativeTarget;
			buildConfigurationList = 4B66997C2085EC58004AAD6B /* Build configuration list for PBXNativeTarget "viewTests" */;
			buildPhases = (
				4B6699612085EC58004AAD6B /* Sources */,
				4B6699622085EC58004AAD6B /* Frameworks */,
				4B6699632085EC58004AAD6B /* Resources */,
			);
			buildRules = (
			);
			dependencies = (
				4B6699672085EC58004AAD6B /* PBXTargetDependency */,
			);
			name = viewTests;
			productName = viewTests;
			productReference = 4B6699652085EC58004AAD6B /* viewTests.xctest */;
			productType = "com.apple.product-type.bundle.unit-test";
		};
		4B66996F2085EC58004AAD6B /* viewUITests */ = {
			isa = PBXNativeTarget;
			buildConfigurationList = 4B66997F2085EC58004AAD6B /* Build configuration list for PBXNativeTarget "viewUITests" */;
			buildPhases = (
				4B66996C2085EC58004AAD6B /* Sources */,
				4B66996D2085EC58004AAD6B /* Frameworks */,
				4B66996E2085EC58004AAD6B /* Resources */,
			);
			buildRules = (
			);
			dependencies = (
				4B6699722085EC58004AAD6B /* PBXTargetDependency */,
			);
			name = viewUITests;
			productName = viewUITests;
			productReference = 4B6699702085EC58004AAD6B /* viewUITests.xctest */;
			productType = "com.apple.product-type.bundle.ui-testing";
		};
/* End PBXNativeTarget section */

/* Begin PBXProject section */
		4B6699492085EC56004AAD6B /* Project object */ = {
			isa = PBXProject;
			attributes = {
				LastSwiftUpdateCheck = 0930;
				LastUpgradeCheck = 0930;
				ORGANIZATIONNAME = gaulim;
				TargetAttributes = {
					4B6699502085EC56004AAD6B = {
						CreatedOnToolsVersion = 9.3;
					};
					4B6699642085EC58004AAD6B = {
						CreatedOnToolsVersion = 9.3;
						TestTargetID = 4B6699502085EC56004AAD6B;
					};
					4B66996F2085EC58004AAD6B = {
						CreatedOnToolsVersion = 9.3;
						TestTargetID = 4B6699502085EC56004AAD6B;
					};
				};
			};
			buildConfigurationList = 4B66994C2085EC56004AAD6B /* Build configuration list for PBXProject "view" */;
			compatibilityVersion = "Xcode 9.3";
			developmentRegion = en;
			hasScannedForEncodings = 0;
			knownRegions = (
				en,
				Base,
			);
			mainGroup = 4B6699482085EC56004AAD6B;
			productRefGroup = 4B6699522085EC56004AAD6B /* Products */;
			projectDirPath = "";
			projectRoot = "";
			targets = (
				4B6699502085EC56004AAD6B /* view */,
				4B6699642085EC58004AAD6B /* viewTests */,
				4B66996F2085EC58004AAD6B /* viewUITests */,
			);
		};
/* End PBXProject section */

/* Begin PBXResourcesBuildPhase section */
		4B66994F2085EC56004AAD6B /* Resources */ = {
			isa = PBXResourcesBuildPhase;
			buildActionMask = 2147483647;
			files = (
				4B66995F2085EC58004AAD6B /* LaunchScreen.storyboard in Resources */,
				4B66995C2085EC58004AAD6B /* Assets.xcassets in Resources */,
				4B66995A2085EC56004AAD6B /* Main.storyboard in Resources */,
			);
			runOnlyForDeploymentPostprocessing = 0;
		};
		4B6699632085EC58004AAD6B /* Resources */ = {
			isa = PBXResourcesBuildPhase;
			buildActionMask = 2147483647;
			files = (
			);
			runOnlyForDeploymentPostprocessing = 0;
		};
		4B66996E2085EC58004AAD6B /* Resources */ = {
			isa = PBXResourcesBuildPhase;
			buildActionMask = 2147483647;
			files = (
			);
			runOnlyForDeploymentPostprocessing = 0;
		};
/* End PBXResourcesBuildPhase section */

/* Begin PBXSourcesBuildPhase section */
		4B66994D2085EC56004AAD6B /* Sources */ = {
			isa = PBXSourcesBuildPhase;
			buildActionMask = 2147483647;
			files = (
				4B6699572085EC56004AAD6B /* ViewController.swift in Sources */,
				4B6699552085EC56004AAD6B /* AppDelegate.swift in Sources */,
			);
			runOnlyForDeploymentPostprocessing = 0;
		};
		4B6699612085EC58004AAD6B /* Sources */ = {
			isa = PBXSourcesBuildPhase;
			buildActionMask = 2147483647;
			files = (
				4B66996A2085EC58004AAD6B /* viewTests.swift in Sources */,
			);
			runOnlyForDeploymentPostprocessing = 0;
		};
		4B66996C2085EC58004AAD6B /* Sources */ = {
			isa = PBXSourcesBuildPhase;
			buildActionMask = 2147483647;
			files = (
				4B6699752085EC58004AAD6B /* viewUITests.swift in Sources */,
			);
			runOnlyForDeploymentPostprocessing = 0;
		};
/* End PBXSourcesBuildPhase section */

/* Begin PBXTargetDependency section */
		4B6699672085EC58004AAD6B /* PBXTargetDependency */ = {
			isa = PBXTargetDependency;
			target = 4B6699502085EC56004AAD6B /* view */;
			targetProxy = 4B6699662085EC58004AAD6B /* PBXContainerItemProxy */;
		};
		4B6699722085EC58004AAD6B /* PBXTargetDependency */ = {
			isa = PBXTargetDependency;
			target = 4B6699502085EC56004AAD6B /* view */;
			targetProxy = 4B6699712085EC58004AAD6B /* PBXContainerItemProxy */;
		};
/* End PBXTargetDependency section */

/* Begin PBXVariantGroup section */
		4B6699582085EC56004AAD6B /* Main.storyboard */ = {
			isa = PBXVariantGroup;
			children = (
				4B6699592085EC56004AAD6B /* Base */,
			);
			name = Main.storyboard;
			sourceTree = "<group>";
		};
		4B66995D2085EC58004AAD6B /* LaunchScreen.storyboard */ = {
			isa = PBXVariantGroup;
			children = (
				4B66995E2085EC58004AAD6B /* Base */,
			);
			name = LaunchScreen.storyboard;
			sourceTree = "<group>";
		};
/* End PBXVariantGroup section */

/* Begin XCBuildConfiguration section */
		4B6699772085EC58004AAD6B /* Debug */ = {
			isa = XCBuildConfiguration;
			buildSettings = {
				ALWAYS_SEARCH_USER_PATHS = NO;
				CLANG_ANALYZER_NONNULL = YES;
				CLANG_ANALYZER_NUMBER_OBJECT_CONVERSION = YES_AGGRESSIVE;
				CLANG_CXX_LANGUAGE_STANDARD = "gnu++14";
				CLANG_CXX_LIBRARY = "libc++";
				CLANG_ENABLE_MODULES = YES;
				CLANG_ENABLE_OBJC_ARC = YES;
				CLANG_ENABLE_OBJC_WEAK = YES;
				CLANG_WARN_BLOCK_CAPTURE_AUTORELEASING = YES;
				CLANG_WARN_BOOL_CONVERSION = YES;
				CLANG_WARN_COMMA = YES;
				CLANG_WARN_CONSTANT_CONVERSION = YES;
				CLANG_WARN_DEPRECATED_OBJC_IMPLEMENTATIONS = YES;
				CLANG_WARN_DIRECT_OBJC_ISA_USAGE = YES_ERROR;
				CLANG_WARN_DOCUMENTATION_COMMENTS = YES;
				CLANG_WARN_EMPTY_BODY = YES;
				CLANG_WARN_ENUM_CONVERSION = YES;
				CLANG_WARN_INFINITE_RECURSION = YES;
				CLANG_WARN_INT_CONVERSION = YES;
				CLANG_WARN_NON_LITERAL_NULL_CONVERSION = YES;
				CLANG_WARN_OBJC_IMPLICIT_RETAIN_SELF = YES;
				CLANG_WARN_OBJC_LITERAL_CONVERSION = YES;
				CLANG_WARN_OBJC_ROOT_CLASS = YES_ERROR;
				CLANG_WARN_RANGE_LOOP_ANALYSIS = YES;
				CLANG_WARN_STRICT_PROTOTYPES = YES;
				CLANG_WARN_SUSPICIOUS_MOVE = YES;
				CLANG_WARN_UNGUARDED_AVAILABILITY = YES_AGGRESSIVE;
				CLANG_WARN_UNREACHABLE_CODE = YES;
				CLANG_WARN__DUPLICATE_METHOD_MATCH = YES;
				CODE_SIGN_IDENTITY = "iPhone Developer";
				COPY_PHASE_STRIP = NO;
				DEBUG_INFORMATION_FORMAT = dwarf;
				ENABLE_STRICT_OBJC_MSGSEND = YES;
				ENABLE_TESTABILITY = YES;
				GCC_C_LANGUAGE_STANDARD = gnu11;
				GCC_DYNAMIC_NO_PIC = NO;
				GCC_NO_COMMON_BLOCKS = YES;
				GCC_OPTIMIZATION_LEVEL = 0;
				GCC_PREPROCESSOR_DEFINITIONS = (
					"DEBUG=1",
					"$(inherited)",
				);
				GCC_WARN_64_TO_32_BIT_CONVERSION = YES;
				GCC_WARN_ABOUT_RETURN_TYPE = YES_ERROR;
				GCC_WARN_UNDECLARED_SELECTOR = YES;
				GCC_WARN_UNINITIALIZED_AUTOS = YES_AGGRESSIVE;
				GCC_WARN_UNUSED_FUNCTION = YES;
				GCC_WARN_UNUSED_VARIABLE = YES;
				IPHONEOS_DEPLOYMENT_TARGET = 11.3;
				MTL_ENABLE_DEBUG_INFO = YES;
				ONLY_ACTIVE_ARCH = YES;
				SDKROOT = iphoneos;
				SWIFT_ACTIVE_COMPILATION_CONDITIONS = DEBUG;
				SWIFT_OPTIMIZATION_LEVEL = "-Onone";
			};
			name = Debug;
		};
		4B6699782085EC58004AAD6B /* Release */ = {
			isa = XCBuildConfiguration;
			buildSettings = {
				ALWAYS_SEARCH_USER_PATHS = NO;
				CLANG_ANALYZER_NONNULL = YES;
				CLANG_ANALYZER_NUMBER_OBJECT_CONVERSION = YES_AGGRESSIVE;
				CLANG_CXX_LANGUAGE_STANDARD = "gnu++14";
				CLANG_CXX_LIBRARY = "libc++";
				CLANG_ENABLE_MODULES = YES;
				CLANG_ENABLE_OBJC_ARC = YES;
				CLANG_ENABLE_OBJC_WEAK = YES;
				CLANG_WARN_BLOCK_CAPTURE_AUTORELEASING = YES;
				CLANG_WARN_BOOL_CONVERSION = YES;
				CLANG_WARN_COMMA = YES;
				CLANG_WARN_CONSTANT_CONVERSION = YES;
				CLANG_WARN_DEPRECATED_OBJC_IMPLEMENTATIONS = YES;
				CLANG_WARN_DIRECT_OBJC_ISA_USAGE = YES_ERROR;
				CLANG_WARN_DOCUMENTATION_COMMENTS = YES;
				CLANG_WARN_EMPTY_BODY = YES;
				CLANG_WARN_ENUM_CONVERSION = YES;
				CLANG_WARN_INFINITE_RECURSION = YES;
				CLANG_WARN_INT_CONVERSION = YES;
				CLANG_WARN_NON_LITERAL_NULL_CONVERSION = YES;
				CLANG_WARN_OBJC_IMPLICIT_RETAIN_SELF = YES;
				CLANG_WARN_OBJC_LITERAL_CONVERSION = YES;
				CLANG_WARN_OBJC_ROOT_CLASS = YES_ERROR;
				CLANG_WARN_RANGE_LOOP_ANALYSIS = YES;
				CLANG_WARN_STRICT_PROTOTYPES = YES;
				CLANG_WARN_SUSPICIOUS_MOVE = YES;
				CLANG_WARN_UNGUARDED_AVAILABILITY = YES_AGGRESSIVE;
				CLANG_WARN_UNREACHABLE_CODE = YES;
				CLANG_WARN__DUPLICATE_METHOD_MATCH = YES;
				CODE_SIGN_IDENTITY = "iPhone Developer";
				COPY_PHASE_STRIP = NO;
				DEBUG_INFORMATION_FORMAT = "dwarf-with-dsym";
				ENABLE_NS_ASSERTIONS = NO;
				ENABLE_STRICT_OBJC_MSGSEND = YES;
				GCC_C_LANGUAGE_STANDARD = gnu11;
				GCC_NO_COMMON_BLOCKS = YES;
				GCC_WARN_64_TO_32_BIT_CONVERSION = YES;
				GCC_WARN_ABOUT_RETURN_TYPE = YES_ERROR;
				GCC_WARN_UNDECLARED_SELECTOR = YES;
				GCC_WARN_UNINITIALIZED_AUTOS = YES_AGGRESSIVE;
				GCC_WARN_UNUSED_FUNCTION = YES;
				GCC_WARN_UNUSED_VARIABLE = YES;
				IPHONEOS_DEPLOYMENT_TARGET = 11.3;
				MTL_ENABLE_DEBUG_INFO = NO;
				SDKROOT = iphoneos;
				SWIFT_COMPILATION_MODE = wholemodule;
				SWIFT_OPTIMIZATION_LEVEL = "-O";
				VALIDATE_PRODUCT = YES;
			};
			name = Release;
		};
		4B66997A2085EC58004AAD6B /* Debug */ = {
			isa = XCBuildConfiguration;
			buildSettings = {
				ASSETCATALOG_COMPILER_APPICON_NAME = AppIcon;
				CODE_SIGN_STYLE = Automatic;
				DEVELOPMENT_TEAM = 6TN9EP52DK;
				INFOPLIST_FILE = view/Info.plist;
				LD_RUNPATH_SEARCH_PATHS = (
					"$(inherited)",
					"@executable_path/Frameworks",
				);
				PRODUCT_BUNDLE_IDENTIFIER = kr.gaulim.sample.view;
				PRODUCT_NAME = "$(TARGET_NAME)";
				SWIFT_VERSION = 4.0;
				TARGETED_DEVICE_FAMILY = "1,2";
			};
			name = Debug;
		};
		4B66997B2085EC58004AAD6B /* Release */ = {
			isa = XCBuildConfiguration;
			buildSettings = {
				ASSETCATALOG_COMPILER_APPICON_NAME = AppIcon;
				CODE_SIGN_STYLE = Automatic;
				DEVELOPMENT_TEAM = 6TN9EP52DK;
				INFOPLIST_FILE = view/Info.plist;
				LD_RUNPATH_SEARCH_PATHS = (
					"$(inherited)",
					"@executable_path/Frameworks",
				);
				PRODUCT_BUNDLE_IDENTIFIER = kr.gaulim.sample.view;
				PRODUCT_NAME = "$(TARGET_NAME)";
				SWIFT_VERSION = 4.0;
				TARGETED_DEVICE_FAMILY = "1,2";
			};
			name = Release;
		};
		4B66997D2085EC58004AAD6B /* Debug */ = {
			isa = XCBuildConfiguration;
			buildSettings = {
				ALWAYS_EMBED_SWIFT_STANDARD_LIBRARIES = YES;
				BUNDLE_LOADER = "$(TEST_HOST)";
				CODE_SIGN_STYLE = Automatic;
				DEVELOPMENT_TEAM = 6TN9EP52DK;
				INFOPLIST_FILE = viewTests/Info.plist;
				LD_RUNPATH_SEARCH_PATHS = (
					"$(inherited)",
					"@executable_path/Frameworks",
					"@loader_path/Frameworks",
				);
				PRODUCT_BUNDLE_IDENTIFIER = kr.gaulim.sample.viewTests;
				PRODUCT_NAME = "$(TARGET_NAME)";
				SWIFT_VERSION = 4.0;
				TARGETED_DEVICE_FAMILY = "1,2";
				TEST_HOST = "$(BUILT_PRODUCTS_DIR)/view.app/view";
			};
			name = Debug;
		};
		4B66997E2085EC58004AAD6B /* Release */ = {
			isa = XCBuildConfiguration;
			buildSettings = {
				ALWAYS_EMBED_SWIFT_STANDARD_LIBRARIES = YES;
				BUNDLE_LOADER = "$(TEST_HOST)";
				CODE_SIGN_STYLE = Automatic;
				DEVELOPMENT_TEAM = 6TN9EP52DK;
				INFOPLIST_FILE = viewTests/Info.plist;
				LD_RUNPATH_SEARCH_PATHS = (
					"$(inherited)",
					"@executable_path/Frameworks",
					"@loader_path/Frameworks",
				);
				PRODUCT_BUNDLE_IDENTIFIER = kr.gaulim.sample.viewTests;
				PRODUCT_NAME = "$(TARGET_NAME)";
				SWIFT_VERSION = 4.0;
				TARGETED_DEVICE_FAMILY = "1,2";
				TEST_HOST = "$(BUILT_PRODUCTS_DIR)/view.app/view";
			};
			name = Release;
		};
		4B6699802085EC58004AAD6B /* Debug */ = {
			isa = XCBuildConfiguration;
			buildSettings = {
				ALWAYS_EMBED_SWIFT_STANDARD_LIBRARIES = YES;
				CODE_SIGN_STYLE = Automatic;
				DEVELOPMENT_TEAM = 6TN9EP52DK;
				INFOPLIST_FILE = viewUITests/Info.plist;
				LD_RUNPATH_SEARCH_PATHS = (
					"$(inherited)",
					"@executable_path/Frameworks",
					"@loader_path/Frameworks",
				);
				PRODUCT_BUNDLE_IDENTIFIER = kr.gaulim.sample.viewUITests;
				PRODUCT_NAME = "$(TARGET_NAME)";
				SWIFT_VERSION = 4.0;
				TARGETED_DEVICE_FAMILY = "1,2";
				TEST_TARGET_NAME = view;
			};
			name = Debug;
		};
		4B6699812085EC58004AAD6B /* Release */ = {
			isa = XCBuildConfiguration;
			buildSettings = {
				ALWAYS_EMBED_SWIFT_STANDARD_LIBRARIES = YES;
				CODE_SIGN_STYLE = Automatic;
				DEVELOPMENT_TEAM = 6TN9EP52DK;
				INFOPLIST_FILE = viewUITests/Info.plist;
				LD_RUNPATH_SEARCH_PATHS = (
					"$(inherited)",
					"@executable_path/Frameworks",
					"@loader_path/Frameworks",
				);
				PRODUCT_BUNDLE_IDENTIFIER = kr.gaulim.sample.viewUITests;
				PRODUCT_NAME = "$(TARGET_NAME)";
				SWIFT_VERSION = 4.0;
				TARGETED_DEVICE_FAMILY = "1,2";
				TEST_TARGET_NAME = view;
			};
			name = Release;
		};
/* End XCBuildConfiguration section */

/* Begin XCConfigurationList section */
		4B66994C2085EC56004AAD6B /* Build configuration list for PBXProject "view" */ = {
			isa = XCConfigurationList;
			buildConfigurations = (
				4B6699772085EC58004AAD6B /* Debug */,
				4B6699782085EC58004AAD6B /* Release */,
			);
			defaultConfigurationIsVisible = 0;
			defaultConfigurationName = Release;
		};
		4B6699792085EC58004AAD6B /* Build configuration list for PBXNativeTarget "view" */ = {
			isa = XCConfigurationList;
			buildConfigurations = (
				4B66997A2085EC58004AAD6B /* Debug */,
				4B66997B2085EC58004AAD6B /* Release */,
			);
			defaultConfigurationIsVisible = 0;
			defaultConfigurationName = Release;
		};
		4B66997C2085EC58004AAD6B /* Build configuration list for PBXNativeTarget "viewTests" */ = {
			isa = XCConfigurationList;
			buildConfigurations = (
				4B66997D2085EC58004AAD6B /* Debug */,
				4B66997E2085EC58004AAD6B /* Release */,
			);
			defaultConfigurationIsVisible = 0;
			defaultConfigurationName = Release;
		};
		4B66997F2085EC58004AAD6B /* Build configuration list for PBXNativeTarget "viewUITests" */ = {
			isa = XCConfigurationList;
			buildConfigurations = (
				4B6699802085EC58004AAD6B /* Debug */,
				4B6699812085EC58004AAD6B /* Release */,
			);
			defaultConfigurationIsVisible = 0;
			defaultConfigurationName = Release;
		};
/* End XCConfigurationList section */
	};
	rootObject = 4B6699492085EC56004AAD6B /* Project object */;
}
